
Microsoft Visual Studio Solution File, Format Version 12.00
# Visual Studio Version 17
VisualStudioVersion = 17.13.35825.156 d17.13
MinimumVisualStudioVersion = 10.0.40219.1
Project("{FAE04EC0-301F-11D3-BF4B-00C04F79EFBC}") = "cleverence", "cleverence\cleverence.csproj", "{0300E0DE-6237-4BF9-80DC-6E1AE78CFB10}"
EndProject
Project("{FAE04EC0-301F-11D3-BF4B-00C04F79EFBC}") = "TestForCleverence", "TestForCleverence\TestForCleverence.csproj", "{68225111-7B92-4124-AE76-E51BA8A61A8B}"
EndProject
Global
	GlobalSection(SolutionConfigurationPlatforms) = preSolution
		Debug|Any CPU = Debug|Any CPU
		Release|Any CPU = Release|Any CPU
	EndGlobalSection
	GlobalSection(ProjectConfigurationPlatforms) = postSolution
		{0300E0DE-6237-4BF9-80DC-6E1AE78CFB10}.Debug|Any CPU.ActiveCfg = Debug|Any CPU
		{0300E0DE-6237-4BF9-80DC-6E1AE78CFB10}.Debug|Any CPU.Build.0 = Debug|Any CPU
		{0300E0DE-6237-4BF9-80DC-6E1AE78CFB10}.Release|Any CPU.ActiveCfg = Release|Any CPU
		{0300E0DE-6237-4BF9-80DC-6E1AE78CFB10}.Release|Any CPU.Build.0 = Release|Any CPU
		{68225111-7B92-4124-AE76-E51BA8A61A8B}.Debug|Any CPU.ActiveCfg = Debug|Any CPU
		{68225111-7B92-4124-AE76-E51BA8A61A8B}.Debug|Any CPU.Build.0 = Debug|Any CPU
		{68225111-7B92-4124-AE76-E51BA8A61A8B}.Release|Any CPU.ActiveCfg = Release|Any CPU
		{68225111-7B92-4124-AE76-E51BA8A61A8B}.Release|Any CPU.Build.0 = Release|Any CPU
	EndGlobalSection
	GlobalSection(SolutionProperties) = preSolution
		HideSolutionNode = FALSE
	EndGlobalSection
	GlobalSection(ExtensibilityGlobals) = postSolution
		SolutionGuid = {114A4D90-0DBB-4B3D-BFFA-D318DAD083C0}
	EndGlobalSection
EndGlobal
